
Microsoft Visual Studio Solution File, Format Version 11.00
# Visual C++ Express 2010
Project("{8BC9CEB8-8B4A-11D0-8D11-00A0C91BC942}") = "NPKDecoder", "NPKDecoder\NPKDecoder.vcxproj", "{2C353187-098D-4FF5-9562-9C5054B6951D}"
EndProject
Project("{8BC9CEB8-8B4A-11D0-8D11-00A0C91BC942}") = "libpng", "libpng-1.2.41\projects\visualc71\libpng.vcxproj", "{0008960E-E0DD-41A6-8265-00B31DDB4C21}"
EndProject
Project("{8BC9CEB8-8B4A-11D0-8D11-00A0C91BC942}") = "zlib", "zlib\projects\visualc6\zlib.vcxproj", "{9B4EFB47-EDA2-42C6-A932-C87914B4BFFF}"
EndProject
Global
	GlobalSection(SolutionConfigurationPlatforms) = preSolution
		Debug|Win32 = Debug|Win32
		DLL ASM Debug|Win32 = DLL ASM Debug|Win32
		DLL ASM Release|Win32 = DLL ASM Release|Win32
		DLL Debug|Win32 = DLL Debug|Win32
		DLL Release|Win32 = DLL Release|Win32
		DLL VB|Win32 = DLL VB|Win32
		LIB ASM Debug|Win32 = LIB ASM Debug|Win32
		LIB ASM Release|Win32 = LIB ASM Release|Win32
		LIB Debug|Win32 = LIB Debug|Win32
		LIB Release|Win32 = LIB Release|Win32
		Release|Win32 = Release|Win32
	EndGlobalSection
	GlobalSection(ProjectConfigurationPlatforms) = postSolution
		{2C353187-098D-4FF5-9562-9C5054B6951D}.Debug|Win32.ActiveCfg = Release|Win32
		{2C353187-098D-4FF5-9562-9C5054B6951D}.Debug|Win32.Build.0 = Release|Win32
		{2C353187-098D-4FF5-9562-9C5054B6951D}.DLL ASM Debug|Win32.ActiveCfg = Debug|Win32
		{2C353187-098D-4FF5-9562-9C5054B6951D}.DLL ASM Debug|Win32.Build.0 = Debug|Win32
		{2C353187-098D-4FF5-9562-9C5054B6951D}.DLL ASM Release|Win32.ActiveCfg = Release|Win32
		{2C353187-098D-4FF5-9562-9C5054B6951D}.DLL ASM Release|Win32.Build.0 = Release|Win32
		{2C353187-098D-4FF5-9562-9C5054B6951D}.DLL Debug|Win32.ActiveCfg = Debug|Win32
		{2C353187-098D-4FF5-9562-9C5054B6951D}.DLL Debug|Win32.Build.0 = Debug|Win32
		{2C353187-098D-4FF5-9562-9C5054B6951D}.DLL Release|Win32.ActiveCfg = Release|Win32
		{2C353187-098D-4FF5-9562-9C5054B6951D}.DLL Release|Win32.Build.0 = Release|Win32
		{2C353187-098D-4FF5-9562-9C5054B6951D}.DLL VB|Win32.ActiveCfg = Debug|Win32
		{2C353187-098D-4FF5-9562-9C5054B6951D}.DLL VB|Win32.Build.0 = Debug|Win32
		{2C353187-098D-4FF5-9562-9C5054B6951D}.LIB ASM Debug|Win32.ActiveCfg = Debug|Win32
		{2C353187-098D-4FF5-9562-9C5054B6951D}.LIB ASM Debug|Win32.Build.0 = Debug|Win32
		{2C353187-098D-4FF5-9562-9C5054B6951D}.LIB ASM Release|Win32.ActiveCfg = Release|Win32
		{2C353187-098D-4FF5-9562-9C5054B6951D}.LIB ASM Release|Win32.Build.0 = Release|Win32
		{2C353187-098D-4FF5-9562-9C5054B6951D}.LIB Debug|Win32.ActiveCfg = Debug|Win32
		{2C353187-098D-4FF5-9562-9C5054B6951D}.LIB Debug|Win32.Build.0 = Debug|Win32
		{2C353187-098D-4FF5-9562-9C5054B6951D}.LIB Release|Win32.ActiveCfg = Release|Win32
		{2C353187-098D-4FF5-9562-9C5054B6951D}.LIB Release|Win32.Build.0 = Release|Win32
		{2C353187-098D-4FF5-9562-9C5054B6951D}.Release|Win32.ActiveCfg = Release|Win32
		{2C353187-098D-4FF5-9562-9C5054B6951D}.Release|Win32.Build.0 = Release|Win32
		{0008960E-E0DD-41A6-8265-00B31DDB4C21}.Debug|Win32.ActiveCfg = LIB Release|Win32
		{0008960E-E0DD-41A6-8265-00B31DDB4C21}.Debug|Win32.Build.0 = LIB Release|Win32
		{0008960E-E0DD-41A6-8265-00B31DDB4C21}.DLL ASM Debug|Win32.ActiveCfg = DLL ASM Debug|Win32
		{0008960E-E0DD-41A6-8265-00B31DDB4C21}.DLL ASM Debug|Win32.Build.0 = DLL ASM Debug|Win32
		{0008960E-E0DD-41A6-8265-00B31DDB4C21}.DLL ASM Release|Win32.ActiveCfg = DLL ASM Release|Win32
		{0008960E-E0DD-41A6-8265-00B31DDB4C21}.DLL ASM Release|Win32.Build.0 = DLL ASM Release|Win32
		{0008960E-E0DD-41A6-8265-00B31DDB4C21}.DLL Debug|Win32.ActiveCfg = DLL Debug|Win32
		{0008960E-E0DD-41A6-8265-00B31DDB4C21}.DLL Debug|Win32.Build.0 = DLL Debug|Win32
		{0008960E-E0DD-41A6-8265-00B31DDB4C21}.DLL Release|Win32.ActiveCfg = DLL Release|Win32
		{0008960E-E0DD-41A6-8265-00B31DDB4C21}.DLL Release|Win32.Build.0 = DLL Release|Win32
		{0008960E-E0DD-41A6-8265-00B31DDB4C21}.DLL VB|Win32.ActiveCfg = DLL VB|Win32
		{0008960E-E0DD-41A6-8265-00B31DDB4C21}.DLL VB|Win32.Build.0 = DLL VB|Win32
		{0008960E-E0DD-41A6-8265-00B31DDB4C21}.LIB ASM Debug|Win32.ActiveCfg = LIB ASM Debug|Win32
		{0008960E-E0DD-41A6-8265-00B31DDB4C21}.LIB ASM Debug|Win32.Build.0 = LIB ASM Debug|Win32
		{0008960E-E0DD-41A6-8265-00B31DDB4C21}.LIB ASM Release|Win32.ActiveCfg = LIB ASM Release|Win32
		{0008960E-E0DD-41A6-8265-00B31DDB4C21}.LIB ASM Release|Win32.Build.0 = LIB ASM Release|Win32
		{0008960E-E0DD-41A6-8265-00B31DDB4C21}.LIB Debug|Win32.ActiveCfg = LIB Debug|Win32
		{0008960E-E0DD-41A6-8265-00B31DDB4C21}.LIB Debug|Win32.Build.0 = LIB Debug|Win32
		{0008960E-E0DD-41A6-8265-00B31DDB4C21}.LIB Release|Win32.ActiveCfg = LIB Release|Win32
		{0008960E-E0DD-41A6-8265-00B31DDB4C21}.LIB Release|Win32.Build.0 = LIB Release|Win32
		{0008960E-E0DD-41A6-8265-00B31DDB4C21}.Release|Win32.ActiveCfg = LIB ASM Release|Win32
		{0008960E-E0DD-41A6-8265-00B31DDB4C21}.Release|Win32.Build.0 = LIB ASM Release|Win32
		{9B4EFB47-EDA2-42C6-A932-C87914B4BFFF}.Debug|Win32.ActiveCfg = LIB Release|Win32
		{9B4EFB47-EDA2-42C6-A932-C87914B4BFFF}.Debug|Win32.Build.0 = LIB Release|Win32
		{9B4EFB47-EDA2-42C6-A932-C87914B4BFFF}.DLL ASM Debug|Win32.ActiveCfg = DLL ASM Debug|Win32
		{9B4EFB47-EDA2-42C6-A932-C87914B4BFFF}.DLL ASM Debug|Win32.Build.0 = DLL ASM Debug|Win32
		{9B4EFB47-EDA2-42C6-A932-C87914B4BFFF}.DLL ASM Release|Win32.ActiveCfg = DLL ASM Release|Win32
		{9B4EFB47-EDA2-42C6-A932-C87914B4BFFF}.DLL ASM Release|Win32.Build.0 = DLL ASM Release|Win32
		{9B4EFB47-EDA2-42C6-A932-C87914B4BFFF}.DLL Debug|Win32.ActiveCfg = DLL Debug|Win32
		{9B4EFB47-EDA2-42C6-A932-C87914B4BFFF}.DLL Debug|Win32.Build.0 = DLL Debug|Win32
		{9B4EFB47-EDA2-42C6-A932-C87914B4BFFF}.DLL Release|Win32.ActiveCfg = DLL Release|Win32
		{9B4EFB47-EDA2-42C6-A932-C87914B4BFFF}.DLL Release|Win32.Build.0 = DLL Release|Win32
		{9B4EFB47-EDA2-42C6-A932-C87914B4BFFF}.DLL VB|Win32.ActiveCfg = DLL Debug|Win32
		{9B4EFB47-EDA2-42C6-A932-C87914B4BFFF}.DLL VB|Win32.Build.0 = DLL Debug|Win32
		{9B4EFB47-EDA2-42C6-A932-C87914B4BFFF}.LIB ASM Debug|Win32.ActiveCfg = LIB ASM Debug|Win32
		{9B4EFB47-EDA2-42C6-A932-C87914B4BFFF}.LIB ASM Debug|Win32.Build.0 = LIB ASM Debug|Win32
		{9B4EFB47-EDA2-42C6-A932-C87914B4BFFF}.LIB ASM Release|Win32.ActiveCfg = LIB ASM Release|Win32
		{9B4EFB47-EDA2-42C6-A932-C87914B4BFFF}.LIB ASM Release|Win32.Build.0 = LIB ASM Release|Win32
		{9B4EFB47-EDA2-42C6-A932-C87914B4BFFF}.LIB Debug|Win32.ActiveCfg = LIB Debug|Win32
		{9B4EFB47-EDA2-42C6-A932-C87914B4BFFF}.LIB Debug|Win32.Build.0 = LIB Debug|Win32
		{9B4EFB47-EDA2-42C6-A932-C87914B4BFFF}.LIB Release|Win32.ActiveCfg = LIB Release|Win32
		{9B4EFB47-EDA2-42C6-A932-C87914B4BFFF}.LIB Release|Win32.Build.0 = LIB Release|Win32
		{9B4EFB47-EDA2-42C6-A932-C87914B4BFFF}.Release|Win32.ActiveCfg = LIB ASM Release|Win32
		{9B4EFB47-EDA2-42C6-A932-C87914B4BFFF}.Release|Win32.Build.0 = LIB ASM Release|Win32
	EndGlobalSection
	GlobalSection(SolutionProperties) = preSolution
		HideSolutionNode = FALSE
	EndGlobalSection
EndGlobal
